schema: '2.0'
stages:
  preprocess:
    cmd: python processing/preprocess.py
    deps:
    - path: data/raw
      hash: md5
      md5: ebc1a1e373c8a8791db62eec7bf63779.dir
      size: 1287193
      nfiles: 3
    - path: processing/preprocess.py
      hash: md5
      md5: db219bd3ca9ce1218e26f9347753118e
      size: 1900
    outs:
    - path: data/processed
      hash: md5
      md5: af76514abef5d4487a17b5fa013d8f96.dir
      size: 1266186
      nfiles: 8
  train_logreg:
    cmd: python training/train_logreg.py
    deps:
    - path: data/processed
      hash: md5
      md5: af76514abef5d4487a17b5fa013d8f96.dir
      size: 1266186
      nfiles: 8
    - path: training/train_logreg.py
      hash: md5
      md5: 6610f58eb5708a1d425dbac3404f74ec
      size: 2779
    outs:
    - path: models/logreg/
      hash: md5
      md5: a196c90f6ee300c2a2d0481e371fcff3.dir
      size: 4403669
      nfiles: 5
